// !$*UTF8*$!
{
	archiveVersion = 1;
	classes = {
	};
	objectVersion = 50;
	objects = {

/* Begin PBXBuildFile section */
		271E9E002094BCEF001EA8DC /* LoginViewController.swift in Sources */ = {isa = PBXBuildFile; fileRef = 271E9DFF2094BCEF001EA8DC /* LoginViewController.swift */; };
		275F2DD72094BA16004B3AC6 /* AppDelegate.swift in Sources */ = {isa = PBXBuildFile; fileRef = 275F2DD62094BA16004B3AC6 /* AppDelegate.swift */; };
		275F2DDC2094BA16004B3AC6 /* Main.storyboard in Resources */ = {isa = PBXBuildFile; fileRef = 275F2DDA2094BA16004B3AC6 /* Main.storyboard */; };
		275F2DDE2094BA18004B3AC6 /* Assets.xcassets in Resources */ = {isa = PBXBuildFile; fileRef = 275F2DDD2094BA18004B3AC6 /* Assets.xcassets */; };
		275F2DE12094BA18004B3AC6 /* LaunchScreen.storyboard in Resources */ = {isa = PBXBuildFile; fileRef = 275F2DDF2094BA18004B3AC6 /* LaunchScreen.storyboard */; };
		275F2DE92094BAAA004B3AC6 /* GoogleService-Info.plist in Resources */ = {isa = PBXBuildFile; fileRef = 275F2DE82094BAAA004B3AC6 /* GoogleService-Info.plist */; };
		BFF0E9F78B7055F500B76294 /* Pods_diabuddy.framework in Frameworks */ = {isa = PBXBuildFile; fileRef = BA4F084014545FE33C3DC440 /* Pods_diabuddy.framework */; };
/* End PBXBuildFile section */

/* Begin PBXFileReference section */
		271E9DFF2094BCEF001EA8DC /* LoginViewController.swift */ = {isa = PBXFileReference; lastKnownFileType = sourcecode.swift; path = LoginViewController.swift; sourceTree = "<group>"; };
		275F2DD32094BA16004B3AC6 /* diabuddy.app */ = {isa = PBXFileReference; explicitFileType = wrapper.application; includeInIndex = 0; path = diabuddy.app; sourceTree = BUILT_PRODUCTS_DIR; };
		275F2DD62094BA16004B3AC6 /* AppDelegate.swift */ = {isa = PBXFileReference; lastKnownFileType = sourcecode.swift; path = AppDelegate.swift; sourceTree = "<group>"; };
		275F2DDB2094BA16004B3AC6 /* Base */ = {isa = PBXFileReference; lastKnownFileType = file.storyboard; name = Base; path = Base.lproj/Main.storyboard; sourceTree = "<group>"; };
		275F2DDD2094BA18004B3AC6 /* Assets.xcassets */ = {isa = PBXFileReference; lastKnownFileType = folder.assetcatalog; path = Assets.xcassets; sourceTree = "<group>"; };
		275F2DE02094BA18004B3AC6 /* Base */ = {isa = PBXFileReference; lastKnownFileType = file.storyboard; name = Base; path = Base.lproj/LaunchScreen.storyboard; sourceTree = "<group>"; };
		275F2DE22094BA18004B3AC6 /* Info.plist */ = {isa = PBXFileReference; lastKnownFileType = text.plist.xml; path = Info.plist; sourceTree = "<group>"; };
		275F2DE82094BAAA004B3AC6 /* GoogleService-Info.plist */ = {isa = PBXFileReference; fileEncoding = 4; lastKnownFileType = text.plist.xml; path = "GoogleService-Info.plist"; sourceTree = "<group>"; };
		9B07D4AD898E1A3FD998BDB3 /* Pods-diabuddy.release.xcconfig */ = {isa = PBXFileReference; includeInIndex = 1; lastKnownFileType = text.xcconfig; name = "Pods-diabuddy.release.xcconfig"; path = "Pods/Target Support Files/Pods-diabuddy/Pods-diabuddy.release.xcconfig"; sourceTree = "<group>"; };
		BA4F084014545FE33C3DC440 /* Pods_diabuddy.framework */ = {isa = PBXFileReference; explicitFileType = wrapper.framework; includeInIndex = 0; path = Pods_diabuddy.framework; sourceTree = BUILT_PRODUCTS_DIR; };
		F2F25502FA8F3CD9398966F1 /* Pods-diabuddy.debug.xcconfig */ = {isa = PBXFileReference; includeInIndex = 1; lastKnownFileType = text.xcconfig; name = "Pods-diabuddy.debug.xcconfig"; path = "Pods/Target Support Files/Pods-diabuddy/Pods-diabuddy.debug.xcconfig"; sourceTree = "<group>"; };
/* End PBXFileReference section */

/* Begin PBXFrameworksBuildPhase section */
		275F2DD02094BA16004B3AC6 /* Frameworks */ = {
			isa = PBXFrameworksBuildPhase;
			buildActionMask = 2147483647;
			files = (
				BFF0E9F78B7055F500B76294 /* Pods_diabuddy.framework in Frameworks */,
			);
			runOnlyForDeploymentPostprocessing = 0;
		};
/* End PBXFrameworksBuildPhase section */

/* Begin PBXGroup section */
		071729503FFCE001ADFACBD9 /* Pods */ = {
			isa = PBXGroup;
			children = (
				F2F25502FA8F3CD9398966F1 /* Pods-diabuddy.debug.xcconfig */,
				9B07D4AD898E1A3FD998BDB3 /* Pods-diabuddy.release.xcconfig */,
			);
			name = Pods;
			sourceTree = "<group>";
		};
		271E9DFD2094BCC7001EA8DC /* Support */ = {
			isa = PBXGroup;
			children = (
				275F2DD62094BA16004B3AC6 /* AppDelegate.swift */,
				275F2DDD2094BA18004B3AC6 /* Assets.xcassets */,
				275F2DDF2094BA18004B3AC6 /* LaunchScreen.storyboard */,
			);
			path = Support;
			sourceTree = "<group>";
		};
		271E9DFE2094BCD6001EA8DC /* Views */ = {
			isa = PBXGroup;
			children = (
				275F2DDA2094BA16004B3AC6 /* Main.storyboard */,
			);
			path = Views;
			sourceTree = "<group>";
		};
		271E9E012094BCF4001EA8DC /* View Controllers */ = {
			isa = PBXGroup;
			children = (
				271E9DFF2094BCEF001EA8DC /* LoginViewController.swift */,
			);
			path = "View Controllers";
			sourceTree = "<group>";
		};
		275F2DCA2094BA16004B3AC6 = {
			isa = PBXGroup;
			children = (
				275F2DD52094BA16004B3AC6 /* diabuddy */,
				275F2DD42094BA16004B3AC6 /* Products */,
				071729503FFCE001ADFACBD9 /* Pods */,
				6A28C1EAFC5EEB7E77E0BA6F /* Frameworks */,
			);
			sourceTree = "<group>";
		};
		275F2DD42094BA16004B3AC6 /* Products */ = {
			isa = PBXGroup;
			children = (
				275F2DD32094BA16004B3AC6 /* diabuddy.app */,
			);
			name = Products;
			sourceTree = "<group>";
		};
		275F2DD52094BA16004B3AC6 /* diabuddy */ = {
			isa = PBXGroup;
			children = (
				271E9E012094BCF4001EA8DC /* View Controllers */,
				271E9DFE2094BCD6001EA8DC /* Views */,
				271E9DFD2094BCC7001EA8DC /* Support */,
				275F2DE22094BA18004B3AC6 /* Info.plist */,
				275F2DE82094BAAA004B3AC6 /* GoogleService-Info.plist */,
			);
			path = diabuddy;
			sourceTree = "<group>";
		};
		6A28C1EAFC5EEB7E77E0BA6F /* Frameworks */ = {
			isa = PBXGroup;
			children = (
				BA4F084014545FE33C3DC440 /* Pods_diabuddy.framework */,
			);
			name = Frameworks;
			sourceTree = "<group>";
		};
/* End PBXGroup section */

/* Begin PBXNativeTarget section */
		275F2DD22094BA16004B3AC6 /* diabuddy */ = {
			isa = PBXNativeTarget;
			buildConfigurationList = 275F2DE52094BA18004B3AC6 /* Build configuration list for PBXNativeTarget "diabuddy" */;
			buildPhases = (
				893A437197C952628A71D2D7 /* [CP] Check Pods Manifest.lock */,
				275F2DCF2094BA16004B3AC6 /* Sources */,
				275F2DD02094BA16004B3AC6 /* Frameworks */,
				275F2DD12094BA16004B3AC6 /* Resources */,
				D5B27A559D15DF34C3ECC5CC /* [CP] Embed Pods Frameworks */,
			);
			buildRules = (
			);
			dependencies = (
			);
			name = diabuddy;
			productName = diabuddy;
			productReference = 275F2DD32094BA16004B3AC6 /* diabuddy.app */;
			productType = "com.apple.product-type.application";
		};
/* End PBXNativeTarget section */

/* Begin PBXProject section */
		275F2DCB2094BA16004B3AC6 /* Project object */ = {
			isa = PBXProject;
			attributes = {
				LastSwiftUpdateCheck = 0930;
				LastUpgradeCheck = 0930;
				ORGANIZATIONNAME = "Mat Schmid";
				TargetAttributes = {
					275F2DD22094BA16004B3AC6 = {
						CreatedOnToolsVersion = 9.3;
					};
				};
			};
			buildConfigurationList = 275F2DCE2094BA16004B3AC6 /* Build configuration list for PBXProject "diabuddy" */;
			compatibilityVersion = "Xcode 9.3";
			developmentRegion = en;
			hasScannedForEncodings = 0;
			knownRegions = (
				en,
				Base,
			);
			mainGroup = 275F2DCA2094BA16004B3AC6;
			productRefGroup = 275F2DD42094BA16004B3AC6 /* Products */;
			projectDirPath = "";
			projectRoot = "";
			targets = (
				275F2DD22094BA16004B3AC6 /* diabuddy */,
			);
		};
/* End PBXProject section */

/* Begin PBXResourcesBuildPhase section */
		275F2DD12094BA16004B3AC6 /* Resources */ = {
			isa = PBXResourcesBuildPhase;
			buildActionMask = 2147483647;
			files = (
				275F2DE12094BA18004B3AC6 /* LaunchScreen.storyboard in Resources */,
				275F2DDE2094BA18004B3AC6 /* Assets.xcassets in Resources */,
				275F2DE92094BAAA004B3AC6 /* GoogleService-Info.plist in Resources */,
				275F2DDC2094BA16004B3AC6 /* Main.storyboard in Resources */,
			);
			runOnlyForDeploymentPostprocessing = 0;
		};
/* End PBXResourcesBuildPhase section */

/* Begin PBXShellScriptBuildPhase section */
		893A437197C952628A71D2D7 /* [CP] Check Pods Manifest.lock */ = {
			isa = PBXShellScriptBuildPhase;
			buildActionMask = 2147483647;
			files = (
			);
			inputPaths = (
				"${PODS_PODFILE_DIR_PATH}/Podfile.lock",
				"${PODS_ROOT}/Manifest.lock",
			);
			name = "[CP] Check Pods Manifest.lock";
			outputPaths = (
				"$(DERIVED_FILE_DIR)/Pods-diabuddy-checkManifestLockResult.txt",
			);
			runOnlyForDeploymentPostprocessing = 0;
			shellPath = /bin/sh;
			shellScript = "diff \"${PODS_PODFILE_DIR_PATH}/Podfile.lock\" \"${PODS_ROOT}/Manifest.lock\" > /dev/null\nif [ $? != 0 ] ; then\n    # print error to STDERR\n    echo \"error: The sandbox is not in sync with the Podfile.lock. Run 'pod install' or update your CocoaPods installation.\" >&2\n    exit 1\nfi\n# This output is used by Xcode 'outputs' to avoid re-running this script phase.\necho \"SUCCESS\" > \"${SCRIPT_OUTPUT_FILE_0}\"\n";
			showEnvVarsInLog = 0;
		};
		D5B27A559D15DF34C3ECC5CC /* [CP] Embed Pods Frameworks */ = {
			isa = PBXShellScriptBuildPhase;
			buildActionMask = 2147483647;
			files = (
			);
			inputPaths = (
				"${SRCROOT}/Pods/Target Support Files/Pods-diabuddy/Pods-diabuddy-frameworks.sh",
				"${BUILT_PRODUCTS_DIR}/GTMSessionFetcher/GTMSessionFetcher.framework",
				"${BUILT_PRODUCTS_DIR}/GoogleToolboxForMac/GoogleToolboxForMac.framework",
				"${BUILT_PRODUCTS_DIR}/TextFieldEffects/TextFieldEffects.framework",
				"${BUILT_PRODUCTS_DIR}/leveldb-library/leveldb.framework",
				"${BUILT_PRODUCTS_DIR}/nanopb/nanopb.framework",
			);
			name = "[CP] Embed Pods Frameworks";
			outputPaths = (
				"${TARGET_BUILD_DIR}/${FRAMEWORKS_FOLDER_PATH}/GTMSessionFetcher.framework",
				"${TARGET_BUILD_DIR}/${FRAMEWORKS_FOLDER_PATH}/GoogleToolboxForMac.framework",
				"${TARGET_BUILD_DIR}/${FRAMEWORKS_FOLDER_PATH}/TextFieldEffects.framework",
				"${TARGET_BUILD_DIR}/${FRAMEWORKS_FOLDER_PATH}/leveldb.framework",
				"${TARGET_BUILD_DIR}/${FRAMEWORKS_FOLDER_PATH}/nanopb.framework",
			);
			runOnlyForDeploymentPostprocessing = 0;
			shellPath = /bin/sh;
			shellScript = "\"${SRCROOT}/Pods/Target Support Files/Pods-diabuddy/Pods-diabuddy-frameworks.sh\"\n";
			showEnvVarsInLog = 0;
		};
/* End PBXShellScriptBuildPhase section */

/* Begin PBXSourcesBuildPhase section */
		275F2DCF2094BA16004B3AC6 /* Sources */ = {
			isa = PBXSourcesBuildPhase;
			buildActionMask = 2147483647;
			files = (
				271E9E002094BCEF001EA8DC /* LoginViewController.swift in Sources */,
				275F2DD72094BA16004B3AC6 /* AppDelegate.swift in Sources */,
			);
			runOnlyForDeploymentPostprocessing = 0;
		};
/* End PBXSourcesBuildPhase section */

/* Begin PBXVariantGroup section */
		275F2DDA2094BA16004B3AC6 /* Main.storyboard */ = {
			isa = PBXVariantGroup;
			children = (
				275F2DDB2094BA16004B3AC6 /* Base */,
			);
			name = Main.storyboard;
			sourceTree = "<group>";
		};
		275F2DDF2094BA18004B3AC6 /* LaunchScreen.storyboard */ = {
			isa = PBXVariantGroup;
			children = (
				275F2DE02094BA18004B3AC6 /* Base */,
			);
			name = LaunchScreen.storyboard;
			sourceTree = "<group>";
		};
/* End PBXVariantGroup section */

/* Begin XCBuildConfiguration section */
		275F2DE32094BA18004B3AC6 /* Debug */ = {
			isa = XCBuildConfiguration;
			buildSettings = {
				ALWAYS_SEARCH_USER_PATHS = NO;
				CLANG_ANALYZER_NONNULL = YES;
				CLANG_ANALYZER_NUMBER_OBJECT_CONVERSION = YES_AGGRESSIVE;
				CLANG_CXX_LANGUAGE_STANDARD = "gnu++14";
				CLANG_CXX_LIBRARY = "libc++";
				CLANG_ENABLE_MODULES = YES;
				CLANG_ENABLE_OBJC_ARC = YES;
				CLANG_ENABLE_OBJC_WEAK = YES;
				CLANG_WARN_BLOCK_CAPTURE_AUTORELEASING = YES;
				CLANG_WARN_BOOL_CONVERSION = YES;
				CLANG_WARN_COMMA = YES;
				CLANG_WARN_CONSTANT_CONVERSION = YES;
				CLANG_WARN_DEPRECATED_OBJC_IMPLEMENTATIONS = YES;
				CLANG_WARN_DIRECT_OBJC_ISA_USAGE = YES_ERROR;
				CLANG_WARN_DOCUMENTATION_COMMENTS = YES;
				CLANG_WARN_EMPTY_BODY = YES;
				CLANG_WARN_ENUM_CONVERSION = YES;
				CLANG_WARN_INFINITE_RECURSION = YES;
				CLANG_WARN_INT_CONVERSION = YES;
				CLANG_WARN_NON_LITERAL_NULL_CONVERSION = YES;
				CLANG_WARN_OBJC_IMPLICIT_RETAIN_SELF = YES;
				CLANG_WARN_OBJC_LITERAL_CONVERSION = YES;
				CLANG_WARN_OBJC_ROOT_CLASS = YES_ERROR;
				CLANG_WARN_RANGE_LOOP_ANALYSIS = YES;
				CLANG_WARN_STRICT_PROTOTYPES = YES;
				CLANG_WARN_SUSPICIOUS_MOVE = YES;
				CLANG_WARN_UNGUARDED_AVAILABILITY = YES_AGGRESSIVE;
				CLANG_WARN_UNREACHABLE_CODE = YES;
				CLANG_WARN__DUPLICATE_METHOD_MATCH = YES;
				CODE_SIGN_IDENTITY = "iPhone Developer";
				COPY_PHASE_STRIP = NO;
				DEBUG_INFORMATION_FORMAT = dwarf;
				ENABLE_STRICT_OBJC_MSGSEND = YES;
				ENABLE_TESTABILITY = YES;
				GCC_C_LANGUAGE_STANDARD = gnu11;
				GCC_DYNAMIC_NO_PIC = NO;
				GCC_NO_COMMON_BLOCKS = YES;
				GCC_OPTIMIZATION_LEVEL = 0;
				GCC_PREPROCESSOR_DEFINITIONS = (
					"DEBUG=1",
					"$(inherited)",
				);
				GCC_WARN_64_TO_32_BIT_CONVERSION = YES;
				GCC_WARN_ABOUT_RETURN_TYPE = YES_ERROR;
				GCC_WARN_UNDECLARED_SELECTOR = YES;
				GCC_WARN_UNINITIALIZED_AUTOS = YES_AGGRESSIVE;
				GCC_WARN_UNUSED_FUNCTION = YES;
				GCC_WARN_UNUSED_VARIABLE = YES;
				IPHONEOS_DEPLOYMENT_TARGET = 11.3;
				MTL_ENABLE_DEBUG_INFO = YES;
				ONLY_ACTIVE_ARCH = YES;
				SDKROOT = iphoneos;
				SWIFT_ACTIVE_COMPILATION_CONDITIONS = DEBUG;
				SWIFT_OPTIMIZATION_LEVEL = "-Onone";
			};
			name = Debug;
		};
		275F2DE42094BA18004B3AC6 /* Release */ = {
			isa = XCBuildConfiguration;
			buildSettings = {
				ALWAYS_SEARCH_USER_PATHS = NO;
				CLANG_ANALYZER_NONNULL = YES;
				CLANG_ANALYZER_NUMBER_OBJECT_CONVERSION = YES_AGGRESSIVE;
				CLANG_CXX_LANGUAGE_STANDARD = "gnu++14";
				CLANG_CXX_LIBRARY = "libc++";
				CLANG_ENABLE_MODULES = YES;
				CLANG_ENABLE_OBJC_ARC = YES;
				CLANG_ENABLE_OBJC_WEAK = YES;
				CLANG_WARN_BLOCK_CAPTURE_AUTORELEASING = YES;
				CLANG_WARN_BOOL_CONVERSION = YES;
				CLANG_WARN_COMMA = YES;
				CLANG_WARN_CONSTANT_CONVERSION = YES;
				CLANG_WARN_DEPRECATED_OBJC_IMPLEMENTATIONS = YES;
				CLANG_WARN_DIRECT_OBJC_ISA_USAGE = YES_ERROR;
				CLANG_WARN_DOCUMENTATION_COMMENTS = YES;
				CLANG_WARN_EMPTY_BODY = YES;
				CLANG_WARN_ENUM_CONVERSION = YES;
				CLANG_WARN_INFINITE_RECURSION = YES;
				CLANG_WARN_INT_CONVERSION = YES;
				CLANG_WARN_NON_LITERAL_NULL_CONVERSION = YES;
				CLANG_WARN_OBJC_IMPLICIT_RETAIN_SELF = YES;
				CLANG_WARN_OBJC_LITERAL_CONVERSION = YES;
				CLANG_WARN_OBJC_ROOT_CLASS = YES_ERROR;
				CLANG_WARN_RANGE_LOOP_ANALYSIS = YES;
				CLANG_WARN_STRICT_PROTOTYPES = YES;
				CLANG_WARN_SUSPICIOUS_MOVE = YES;
				CLANG_WARN_UNGUARDED_AVAILABILITY = YES_AGGRESSIVE;
				CLANG_WARN_UNREACHABLE_CODE = YES;
				CLANG_WARN__DUPLICATE_METHOD_MATCH = YES;
				CODE_SIGN_IDENTITY = "iPhone Developer";
				COPY_PHASE_STRIP = NO;
				DEBUG_INFORMATION_FORMAT = "dwarf-with-dsym";
				ENABLE_NS_ASSERTIONS = NO;
				ENABLE_STRICT_OBJC_MSGSEND = YES;
				GCC_C_LANGUAGE_STANDARD = gnu11;
				GCC_NO_COMMON_BLOCKS = YES;
				GCC_WARN_64_TO_32_BIT_CONVERSION = YES;
				GCC_WARN_ABOUT_RETURN_TYPE = YES_ERROR;
				GCC_WARN_UNDECLARED_SELECTOR = YES;
				GCC_WARN_UNINITIALIZED_AUTOS = YES_AGGRESSIVE;
				GCC_WARN_UNUSED_FUNCTION = YES;
				GCC_WARN_UNUSED_VARIABLE = YES;
				IPHONEOS_DEPLOYMENT_TARGET = 11.3;
				MTL_ENABLE_DEBUG_INFO = NO;
				SDKROOT = iphoneos;
				SWIFT_COMPILATION_MODE = wholemodule;
				SWIFT_OPTIMIZATION_LEVEL = "-O";
				VALIDATE_PRODUCT = YES;
			};
			name = Release;
		};
		275F2DE62094BA18004B3AC6 /* Debug */ = {
			isa = XCBuildConfiguration;
			baseConfigurationReference = F2F25502FA8F3CD9398966F1 /* Pods-diabuddy.debug.xcconfig */;
			buildSettings = {
				ASSETCATALOG_COMPILER_APPICON_NAME = AppIcon;
				CODE_SIGN_STYLE = Automatic;
				DEVELOPMENT_TEAM = BNS58ZR5ZP;
				INFOPLIST_FILE = diabuddy/Info.plist;
				LD_RUNPATH_SEARCH_PATHS = "$(inherited) @executable_path/Frameworks";
				PRODUCT_BUNDLE_IDENTIFIER = matschmid.diabuddy;
				PRODUCT_NAME = "$(TARGET_NAME)";
				SWIFT_VERSION = 4.0;
				TARGETED_DEVICE_FAMILY = "1,2";
			};
			name = Debug;
		};
		275F2DE72094BA18004B3AC6 /* Release */ = {
			isa = XCBuildConfiguration;
			baseConfigurationReference = 9B07D4AD898E1A3FD998BDB3 /* Pods-diabuddy.release.xcconfig */;
			buildSettings = {
				ASSETCATALOG_COMPILER_APPICON_NAME = AppIcon;
				CODE_SIGN_STYLE = Automatic;
				DEVELOPMENT_TEAM = BNS58ZR5ZP;
				INFOPLIST_FILE = diabuddy/Info.plist;
				LD_RUNPATH_SEARCH_PATHS = "$(inherited) @executable_path/Frameworks";
				PRODUCT_BUNDLE_IDENTIFIER = matschmid.diabuddy;
				PRODUCT_NAME = "$(TARGET_NAME)";
				SWIFT_VERSION = 4.0;
				TARGETED_DEVICE_FAMILY = "1,2";
			};
			name = Release;
		};
/* End XCBuildConfiguration section */

/* Begin XCConfigurationList section */
		275F2DCE2094BA16004B3AC6 /* Build configuration list for PBXProject "diabuddy" */ = {
			isa = XCConfigurationList;
			buildConfigurations = (
				275F2DE32094BA18004B3AC6 /* Debug */,
				275F2DE42094BA18004B3AC6 /* Release */,
			);
			defaultConfigurationIsVisible = 0;
			defaultConfigurationName = Release;
		};
		275F2DE52094BA18004B3AC6 /* Build configuration list for PBXNativeTarget "diabuddy" */ = {
			isa = XCConfigurationList;
			buildConfigurations = (
				275F2DE62094BA18004B3AC6 /* Debug */,
				275F2DE72094BA18004B3AC6 /* Release */,
			);
			defaultConfigurationIsVisible = 0;
			defaultConfigurationName = Release;
		};
/* End XCConfigurationList section */
	};
	rootObject = 275F2DCB2094BA16004B3AC6 /* Project object */;
}
